
Microsoft Visual Studio Solution File, Format Version 12.00
# Visual Studio Version 17
VisualStudioVersion = 17.1.32328.378
MinimumVisualStudioVersion = 10.0.40219.1
Project("{9A19103F-16F7-4668-BE54-9A1E7A4F7556}") = "SquareC​ircleAndTriangle", "SquareC​ircleAndTriangle\SquareC​ircleAndTriangle.csproj", "{A7B8C90F-921C-4D7D-8F00-F053E8B51775}"
EndProject
Project("{FAE04EC0-301F-11D3-BF4B-00C04F79EFBC}") = "TestProject1", "TestProject1\TestProject1.csproj", "{6239BBD7-B319-4E9A-9C62-CC7DD882FD99}"
EndProject
Global
	GlobalSection(SolutionConfigurationPlatforms) = preSolution
		Debug|Any CPU = Debug|Any CPU
		Release|Any CPU = Release|Any CPU
	EndGlobalSection
	GlobalSection(ProjectConfigurationPlatforms) = postSolution
		{A7B8C90F-921C-4D7D-8F00-F053E8B51775}.Debug|Any CPU.ActiveCfg = Debug|Any CPU
		{A7B8C90F-921C-4D7D-8F00-F053E8B51775}.Debug|Any CPU.Build.0 = Debug|Any CPU
		{A7B8C90F-921C-4D7D-8F00-F053E8B51775}.Release|Any CPU.ActiveCfg = Release|Any CPU
		{A7B8C90F-921C-4D7D-8F00-F053E8B51775}.Release|Any CPU.Build.0 = Release|Any CPU
		{6239BBD7-B319-4E9A-9C62-CC7DD882FD99}.Debug|Any CPU.ActiveCfg = Debug|Any CPU
		{6239BBD7-B319-4E9A-9C62-CC7DD882FD99}.Debug|Any CPU.Build.0 = Debug|Any CPU
		{6239BBD7-B319-4E9A-9C62-CC7DD882FD99}.Release|Any CPU.ActiveCfg = Release|Any CPU
		{6239BBD7-B319-4E9A-9C62-CC7DD882FD99}.Release|Any CPU.Build.0 = Release|Any CPU
	EndGlobalSection
	GlobalSection(SolutionProperties) = preSolution
		HideSolutionNode = FALSE
	EndGlobalSection
	GlobalSection(ExtensibilityGlobals) = postSolution
		SolutionGuid = {E8F49E43-222C-413C-8A86-CC056DFCFCAC}
	EndGlobalSection
EndGlobal
